Microsoft Visual Studio Solution File, Format Version 12.00
# Visual Studio Version 17
VisualStudioVersion = 17.12.35506.116
MinimumVisualStudioVersion = 10.0.40219.1
Project("{2150E333-8FDC-42A3-9474-1A3956D46DE8}") = "Services", "Services", "{E8FCAFBC-D581-4C92-9D86-021A86AB45B1}"
EndProject
Project("{2150E333-8FDC-42A3-9474-1A3956D46DE8}") = "Catalog", "Catalog", "{B92A0235-4B0F-4BCB-8F87-71422AF6AF5D}"
EndProject
Project("{FAE04EC0-301F-11D3-BF4B-00C04F79EFBC}") = "Catalog.API", "Services\Catalog\Catalog.API\Catalog.API.csproj", "{5F8E4A5B-5217-4604-95B0-07D8151A6D33}"
EndProject
Project("{2150E333-8FDC-42A3-9474-1A3956D46DE8}") = "BuildingBlocks", "BuildingBlocks", "{AFE9CD6F-D0A4-413F-8F3B-6A3B316EF206}"
EndProject
Project("{FAE04EC0-301F-11D3-BF4B-00C04F79EFBC}") = "BuildingBlocks", "BuildingBlocks\BuildingBlocks\BuildingBlocks.csproj", "{4FD96D2B-1E29-4128-B80D-3CDCCF0CB66D}"
EndProject
Project("{E53339B2-1760-4266-BCC7-CA923CBCF16C}") = "docker-compose", "docker-compose.dcproj", "{65763FE8-0EB1-4FD1-99A3-1C5C157747DB}"
EndProject
Project("{2150E333-8FDC-42A3-9474-1A3956D46DE8}") = "Basket", "Basket", "{004028EF-AD00-45E4-B3DC-7A05607A6EAF}"
EndProject
Project("{FAE04EC0-301F-11D3-BF4B-00C04F79EFBC}") = "Basket.API", "Services\Basket\Basket.API\Basket.API.csproj", "{EB7845F7-B463-4D84-AE50-B767AB0B62BD}"
EndProject
Project("{2150E333-8FDC-42A3-9474-1A3956D46DE8}") = "Discount", "Discount", "{CB840A58-21FC-4591-915E-FCA5CC189F2C}"
EndProject
Project("{FAE04EC0-301F-11D3-BF4B-00C04F79EFBC}") = "Discount.Grpc", "Services\Discount\Discount.Grpc\Discount.Grpc.csproj", "{2BB00581-C494-47B5-A19A-50348BE10B40}"
EndProject
Global
	GlobalSection(SolutionConfigurationPlatforms) = preSolution
		Debug|Any CPU = Debug|Any CPU
		Release|Any CPU = Release|Any CPU
	EndGlobalSection
	GlobalSection(ProjectConfigurationPlatforms) = postSolution
		{5F8E4A5B-5217-4604-95B0-07D8151A6D33}.Debug|Any CPU.ActiveCfg = Debug|Any CPU
		{5F8E4A5B-5217-4604-95B0-07D8151A6D33}.Debug|Any CPU.Build.0 = Debug|Any CPU
		{5F8E4A5B-5217-4604-95B0-07D8151A6D33}.Release|Any CPU.ActiveCfg = Release|Any CPU
		{5F8E4A5B-5217-4604-95B0-07D8151A6D33}.Release|Any CPU.Build.0 = Release|Any CPU
		{4FD96D2B-1E29-4128-B80D-3CDCCF0CB66D}.Debug|Any CPU.ActiveCfg = Debug|Any CPU
		{4FD96D2B-1E29-4128-B80D-3CDCCF0CB66D}.Debug|Any CPU.Build.0 = Debug|Any CPU
		{4FD96D2B-1E29-4128-B80D-3CDCCF0CB66D}.Release|Any CPU.ActiveCfg = Release|Any CPU
		{4FD96D2B-1E29-4128-B80D-3CDCCF0CB66D}.Release|Any CPU.Build.0 = Release|Any CPU
		{65763FE8-0EB1-4FD1-99A3-1C5C157747DB}.Debug|Any CPU.ActiveCfg = Debug|Any CPU
		{65763FE8-0EB1-4FD1-99A3-1C5C157747DB}.Debug|Any CPU.Build.0 = Debug|Any CPU
		{65763FE8-0EB1-4FD1-99A3-1C5C157747DB}.Release|Any CPU.ActiveCfg = Release|Any CPU
		{65763FE8-0EB1-4FD1-99A3-1C5C157747DB}.Release|Any CPU.Build.0 = Release|Any CPU
		{EB7845F7-B463-4D84-AE50-B767AB0B62BD}.Debug|Any CPU.ActiveCfg = Debug|Any CPU
		{EB7845F7-B463-4D84-AE50-B767AB0B62BD}.Debug|Any CPU.Build.0 = Debug|Any CPU
		{EB7845F7-B463-4D84-AE50-B767AB0B62BD}.Release|Any CPU.ActiveCfg = Release|Any CPU
		{EB7845F7-B463-4D84-AE50-B767AB0B62BD}.Release|Any CPU.Build.0 = Release|Any CPU
		{2BB00581-C494-47B5-A19A-50348BE10B40}.Debug|Any CPU.ActiveCfg = Debug|Any CPU
		{2BB00581-C494-47B5-A19A-50348BE10B40}.Debug|Any CPU.Build.0 = Debug|Any CPU
		{2BB00581-C494-47B5-A19A-50348BE10B40}.Release|Any CPU.ActiveCfg = Release|Any CPU
		{2BB00581-C494-47B5-A19A-50348BE10B40}.Release|Any CPU.Build.0 = Release|Any CPU
	EndGlobalSection
	GlobalSection(SolutionProperties) = preSolution
		HideSolutionNode = FALSE
	EndGlobalSection
	GlobalSection(NestedProjects) = preSolution
		{B92A0235-4B0F-4BCB-8F87-71422AF6AF5D} = {E8FCAFBC-D581-4C92-9D86-021A86AB45B1}
		{5F8E4A5B-5217-4604-95B0-07D8151A6D33} = {B92A0235-4B0F-4BCB-8F87-71422AF6AF5D}
		{4FD96D2B-1E29-4128-B80D-3CDCCF0CB66D} = {AFE9CD6F-D0A4-413F-8F3B-6A3B316EF206}
		{004028EF-AD00-45E4-B3DC-7A05607A6EAF} = {E8FCAFBC-D581-4C92-9D86-021A86AB45B1}
		{EB7845F7-B463-4D84-AE50-B767AB0B62BD} = {004028EF-AD00-45E4-B3DC-7A05607A6EAF}
		{CB840A58-21FC-4591-915E-FCA5CC189F2C} = {E8FCAFBC-D581-4C92-9D86-021A86AB45B1}
		{2BB00581-C494-47B5-A19A-50348BE10B40} = {CB840A58-21FC-4591-915E-FCA5CC189F2C}
	EndGlobalSection
EndGlobal
